
Microsoft Visual Studio Solution File, Format Version 12.00
# Visual Studio Version 18
VisualStudioVersion = 18.2.11415.280
MinimumVisualStudioVersion = 10.0.40219.1
Project("{FAE04EC0-301F-11D3-BF4B-00C04F79EFBC}") = "SoundSwitcher", "SoundSwitcher\SoundSwitcher.csproj", "{4920AD31-661C-29A8-57FE-34CFACDC125A}"
EndProject
Global
	GlobalSection(SolutionConfigurationPlatforms) = preSolution
		Debug|Any CPU = Debug|Any CPU
		Release|Any CPU = Release|Any CPU
	EndGlobalSection
	GlobalSection(ProjectConfigurationPlatforms) = postSolution
		{4920AD31-661C-29A8-57FE-34CFACDC125A}.Debug|Any CPU.ActiveCfg = Debug|Any CPU
		{4920AD31-661C-29A8-57FE-34CFACDC125A}.Debug|Any CPU.Build.0 = Debug|Any CPU
		{4920AD31-661C-29A8-57FE-34CFACDC125A}.Release|Any CPU.ActiveCfg = Release|Any CPU
		{4920AD31-661C-29A8-57FE-34CFACDC125A}.Release|Any CPU.Build.0 = Release|Any CPU
	EndGlobalSection
	GlobalSection(SolutionProperties) = preSolution
		HideSolutionNode = FALSE
	EndGlobalSection
	GlobalSection(ExtensibilityGlobals) = postSolution
		SolutionGuid = {48E2E00F-6EAD-46E7-A81A-C0A242CC1394}
	EndGlobalSection
EndGlobal
